{
  "requires": true,
  "lockfileVersion": 1,
  "dependencies": {
    "demo-node-package": {
      "version": "1.0.0",
      "resolved": "https://registry.npmjs.org/demo-node-package/-/demo-node-package-1.0.0.tgz",
      "integrity": "sha512-wOWTO/LuIX2VN93wauaidd+JrCsOlDqk7wg8xW/jFxXH1vPnQ1yQ5D7oPEo1rrY9EFASral+kCm7ce55uKKwTw=="
    }
  }
}
